
Microsoft Visual Studio Solution File, Format Version 12.00
# Visual Studio Version 16
VisualStudioVersion = 16.0.30225.117
MinimumVisualStudioVersion = 10.0.40219.1
Project("{FAE04EC0-301F-11D3-BF4B-00C04F79EFBC}") = "SalesWebMVC", "SalesWebMVC\SalesWebMVC.csproj", "{4F7E9938-3A92-4701-957E-5A1A47E95E56}"
EndProject
Global
	GlobalSection(SolutionConfigurationPlatforms) = preSolution
		Debug|Any CPU = Debug|Any CPU
		Release|Any CPU = Release|Any CPU
	EndGlobalSection
	GlobalSection(ProjectConfigurationPlatforms) = postSolution
		{4F7E9938-3A92-4701-957E-5A1A47E95E56}.Debug|Any CPU.ActiveCfg = Debug|Any CPU
		{4F7E9938-3A92-4701-957E-5A1A47E95E56}.Debug|Any CPU.Build.0 = Debug|Any CPU
		{4F7E9938-3A92-4701-957E-5A1A47E95E56}.Release|Any CPU.ActiveCfg = Release|Any CPU
		{4F7E9938-3A92-4701-957E-5A1A47E95E56}.Release|Any CPU.Build.0 = Release|Any CPU
	EndGlobalSection
	GlobalSection(SolutionProperties) = preSolution
		HideSolutionNode = FALSE
	EndGlobalSection
	GlobalSection(ExtensibilityGlobals) = postSolution
		SolutionGuid = {A94D8622-26C3-4FB2-BAC8-EFE51EB5CB35}
	EndGlobalSection
EndGlobal
